
Microsoft Visual Studio Solution File, Format Version 12.00
# Visual Studio 15
VisualStudioVersion = 15.0.26730.3
MinimumVisualStudioVersion = 10.0.40219.1
Project("{9A19103F-16F7-4668-BE54-9A1E7A4F7556}") = "DurableFunc", "DurableFunc\DurableFunc.csproj", "{EA7C0608-9181-4ED8-B132-BC79ED23915C}"
EndProject
Global
	GlobalSection(SolutionConfigurationPlatforms) = preSolution
		Debug|Any CPU = Debug|Any CPU
		Release|Any CPU = Release|Any CPU
	EndGlobalSection
	GlobalSection(ProjectConfigurationPlatforms) = postSolution
		{EA7C0608-9181-4ED8-B132-BC79ED23915C}.Debug|Any CPU.ActiveCfg = Debug|Any CPU
		{EA7C0608-9181-4ED8-B132-BC79ED23915C}.Debug|Any CPU.Build.0 = Debug|Any CPU
		{EA7C0608-9181-4ED8-B132-BC79ED23915C}.Release|Any CPU.ActiveCfg = Release|Any CPU
		{EA7C0608-9181-4ED8-B132-BC79ED23915C}.Release|Any CPU.Build.0 = Release|Any CPU
	EndGlobalSection
	GlobalSection(SolutionProperties) = preSolution
		HideSolutionNode = FALSE
	EndGlobalSection
	GlobalSection(ExtensibilityGlobals) = postSolution
		SolutionGuid = {CB0ED59A-ADDF-4CF0-B8FD-2B8A5A6F5C6D}
	EndGlobalSection
EndGlobal
